
Microsoft Visual Studio Solution File, Format Version 12.00
# Visual Studio Version 17
VisualStudioVersion = 17.6.33712.159
MinimumVisualStudioVersion = 10.0.40219.1
Project("{FAE04EC0-301F-11D3-BF4B-00C04F79EFBC}") = "StudentsApiMangment", "StudentsApiMangment\StudentsApiMangment.csproj", "{8B76809E-E883-4A2D-887C-7C82D8EACA36}"
EndProject
Global
	GlobalSection(SolutionConfigurationPlatforms) = preSolution
		Debug|Any CPU = Debug|Any CPU
		Release|Any CPU = Release|Any CPU
	EndGlobalSection
	GlobalSection(ProjectConfigurationPlatforms) = postSolution
		{8B76809E-E883-4A2D-887C-7C82D8EACA36}.Debug|Any CPU.ActiveCfg = Debug|Any CPU
		{8B76809E-E883-4A2D-887C-7C82D8EACA36}.Debug|Any CPU.Build.0 = Debug|Any CPU
		{8B76809E-E883-4A2D-887C-7C82D8EACA36}.Release|Any CPU.ActiveCfg = Release|Any CPU
		{8B76809E-E883-4A2D-887C-7C82D8EACA36}.Release|Any CPU.Build.0 = Release|Any CPU
	EndGlobalSection
	GlobalSection(SolutionProperties) = preSolution
		HideSolutionNode = FALSE
	EndGlobalSection
	GlobalSection(ExtensibilityGlobals) = postSolution
		SolutionGuid = {95B2DD00-D11B-41BB-9567-438B9C69E81F}
	EndGlobalSection
EndGlobal
